
Microsoft Visual Studio Solution File, Format Version 12.00
# Visual Studio Version 16
VisualStudioVersion = 16.0.28803.156
MinimumVisualStudioVersion = 10.0.40219.1
Project("{FAE04EC0-301F-11D3-BF4B-00C04F79EFBC}") = "ExpenseTracker.WebUI", "ExpenseTracker.WebUI\ExpenseTracker.WebUI.csproj", "{4CD2810A-29C6-4CB2-B30C-56586B78A761}"
EndProject
Project("{2150E333-8FDC-42A3-9474-1A3956D46DE8}") = "Presentation", "Presentation", "{411349D0-A837-4EF2-9B5F-C90EB689A783}"
EndProject
Project("{2150E333-8FDC-42A3-9474-1A3956D46DE8}") = "Tests", "Tests", "{A8FACEB6-36A9-4EBF-BA41-756EE6DA1A6E}"
EndProject
Project("{2150E333-8FDC-42A3-9474-1A3956D46DE8}") = "Business", "Business", "{A118025B-92C9-46C8-80AA-9C8C8399F2E5}"
EndProject
Project("{FAE04EC0-301F-11D3-BF4B-00C04F79EFBC}") = "ExpenseTracker.Business", "ExpenseTracker.Business\ExpenseTracker.Business.csproj", "{DE2EFAE3-AC6A-432A-9BCA-05169B654339}"
EndProject
Project("{FAE04EC0-301F-11D3-BF4B-00C04F79EFBC}") = "ExpenseTracker.Business.Tests", "ExpenseTracker.Business.Tests\ExpenseTracker.Business.Tests.csproj", "{C3376AAD-6273-4406-9699-55934B225D76}"
EndProject
Project("{2150E333-8FDC-42A3-9474-1A3956D46DE8}") = "Common", "Common", "{76464A15-5511-486E-A595-A59F70ACF551}"
EndProject
Project("{FAE04EC0-301F-11D3-BF4B-00C04F79EFBC}") = "ExpenseTracker.Interfaces", "ExpenseTracker.Interfaces\ExpenseTracker.Interfaces.csproj", "{7154BA1F-9A4A-4A09-A28C-4B1CFDD1C0C2}"
EndProject
Project("{FAE04EC0-301F-11D3-BF4B-00C04F79EFBC}") = "ExpenseTracker.Persistence", "ExpenseTracker.Persistence\ExpenseTracker.Persistence.csproj", "{EACAE983-5259-49A9-A7B5-FA5A4C14C2DB}"
EndProject
Project("{FAE04EC0-301F-11D3-BF4B-00C04F79EFBC}") = "ExpenseTracker.Common", "ExpenseTracker.Common\ExpenseTracker.Common.csproj", "{65C9F7E5-739A-401A-A9FE-76EC2B583067}"
EndProject
Project("{FAE04EC0-301F-11D3-BF4B-00C04F79EFBC}") = "ExpenseTracker.Language", "ExpenseTracker.Language\ExpenseTracker.Language.csproj", "{38C7FED0-BA12-4159-9FE4-26C474AB136D}"
EndProject
Project("{FAE04EC0-301F-11D3-BF4B-00C04F79EFBC}") = "ExpenseTracker.Entities", "ExpenseTracker.Entities\ExpenseTracker.Entities.csproj", "{0A2B7B32-2DA7-4FC2-8BCE-06D1D97F649F}"
EndProject
Project("{2150E333-8FDC-42A3-9474-1A3956D46DE8}") = "Documents", "Documents", "{EFC08F1D-03B0-4D88-B71C-0A376FBBDD0B}"
	ProjectSection(SolutionItems) = preProject
		..\Future_Development.md = ..\Future_Development.md
		..\README.md = ..\README.md
	EndProjectSection
EndProject
Global
	GlobalSection(SolutionConfigurationPlatforms) = preSolution
		Debug|Any CPU = Debug|Any CPU
		Release|Any CPU = Release|Any CPU
	EndGlobalSection
	GlobalSection(ProjectConfigurationPlatforms) = postSolution
		{4CD2810A-29C6-4CB2-B30C-56586B78A761}.Debug|Any CPU.ActiveCfg = Debug|Any CPU
		{4CD2810A-29C6-4CB2-B30C-56586B78A761}.Debug|Any CPU.Build.0 = Debug|Any CPU
		{4CD2810A-29C6-4CB2-B30C-56586B78A761}.Release|Any CPU.ActiveCfg = Release|Any CPU
		{4CD2810A-29C6-4CB2-B30C-56586B78A761}.Release|Any CPU.Build.0 = Release|Any CPU
		{DE2EFAE3-AC6A-432A-9BCA-05169B654339}.Debug|Any CPU.ActiveCfg = Debug|Any CPU
		{DE2EFAE3-AC6A-432A-9BCA-05169B654339}.Debug|Any CPU.Build.0 = Debug|Any CPU
		{DE2EFAE3-AC6A-432A-9BCA-05169B654339}.Release|Any CPU.ActiveCfg = Release|Any CPU
		{DE2EFAE3-AC6A-432A-9BCA-05169B654339}.Release|Any CPU.Build.0 = Release|Any CPU
		{C3376AAD-6273-4406-9699-55934B225D76}.Debug|Any CPU.ActiveCfg = Debug|Any CPU
		{C3376AAD-6273-4406-9699-55934B225D76}.Debug|Any CPU.Build.0 = Debug|Any CPU
		{C3376AAD-6273-4406-9699-55934B225D76}.Release|Any CPU.ActiveCfg = Release|Any CPU
		{C3376AAD-6273-4406-9699-55934B225D76}.Release|Any CPU.Build.0 = Release|Any CPU
		{7154BA1F-9A4A-4A09-A28C-4B1CFDD1C0C2}.Debug|Any CPU.ActiveCfg = Debug|Any CPU
		{7154BA1F-9A4A-4A09-A28C-4B1CFDD1C0C2}.Debug|Any CPU.Build.0 = Debug|Any CPU
		{7154BA1F-9A4A-4A09-A28C-4B1CFDD1C0C2}.Release|Any CPU.ActiveCfg = Release|Any CPU
		{7154BA1F-9A4A-4A09-A28C-4B1CFDD1C0C2}.Release|Any CPU.Build.0 = Release|Any CPU
		{EACAE983-5259-49A9-A7B5-FA5A4C14C2DB}.Debug|Any CPU.ActiveCfg = Debug|Any CPU
		{EACAE983-5259-49A9-A7B5-FA5A4C14C2DB}.Debug|Any CPU.Build.0 = Debug|Any CPU
		{EACAE983-5259-49A9-A7B5-FA5A4C14C2DB}.Release|Any CPU.ActiveCfg = Release|Any CPU
		{EACAE983-5259-49A9-A7B5-FA5A4C14C2DB}.Release|Any CPU.Build.0 = Release|Any CPU
		{65C9F7E5-739A-401A-A9FE-76EC2B583067}.Debug|Any CPU.ActiveCfg = Debug|Any CPU
		{65C9F7E5-739A-401A-A9FE-76EC2B583067}.Debug|Any CPU.Build.0 = Debug|Any CPU
		{65C9F7E5-739A-401A-A9FE-76EC2B583067}.Release|Any CPU.ActiveCfg = Release|Any CPU
		{65C9F7E5-739A-401A-A9FE-76EC2B583067}.Release|Any CPU.Build.0 = Release|Any CPU
		{38C7FED0-BA12-4159-9FE4-26C474AB136D}.Debug|Any CPU.ActiveCfg = Debug|Any CPU
		{38C7FED0-BA12-4159-9FE4-26C474AB136D}.Debug|Any CPU.Build.0 = Debug|Any CPU
		{38C7FED0-BA12-4159-9FE4-26C474AB136D}.Release|Any CPU.ActiveCfg = Release|Any CPU
		{38C7FED0-BA12-4159-9FE4-26C474AB136D}.Release|Any CPU.Build.0 = Release|Any CPU
		{0A2B7B32-2DA7-4FC2-8BCE-06D1D97F649F}.Debug|Any CPU.ActiveCfg = Debug|Any CPU
		{0A2B7B32-2DA7-4FC2-8BCE-06D1D97F649F}.Debug|Any CPU.Build.0 = Debug|Any CPU
		{0A2B7B32-2DA7-4FC2-8BCE-06D1D97F649F}.Release|Any CPU.ActiveCfg = Release|Any CPU
		{0A2B7B32-2DA7-4FC2-8BCE-06D1D97F649F}.Release|Any CPU.Build.0 = Release|Any CPU
	EndGlobalSection
	GlobalSection(SolutionProperties) = preSolution
		HideSolutionNode = FALSE
	EndGlobalSection
	GlobalSection(NestedProjects) = preSolution
		{4CD2810A-29C6-4CB2-B30C-56586B78A761} = {411349D0-A837-4EF2-9B5F-C90EB689A783}
		{DE2EFAE3-AC6A-432A-9BCA-05169B654339} = {A118025B-92C9-46C8-80AA-9C8C8399F2E5}
		{C3376AAD-6273-4406-9699-55934B225D76} = {A8FACEB6-36A9-4EBF-BA41-756EE6DA1A6E}
		{7154BA1F-9A4A-4A09-A28C-4B1CFDD1C0C2} = {76464A15-5511-486E-A595-A59F70ACF551}
		{EACAE983-5259-49A9-A7B5-FA5A4C14C2DB} = {A118025B-92C9-46C8-80AA-9C8C8399F2E5}
		{65C9F7E5-739A-401A-A9FE-76EC2B583067} = {76464A15-5511-486E-A595-A59F70ACF551}
		{38C7FED0-BA12-4159-9FE4-26C474AB136D} = {76464A15-5511-486E-A595-A59F70ACF551}
		{0A2B7B32-2DA7-4FC2-8BCE-06D1D97F649F} = {76464A15-5511-486E-A595-A59F70ACF551}
	EndGlobalSection
	GlobalSection(ExtensibilityGlobals) = postSolution
		SolutionGuid = {4B708F8F-5946-4B4D-A462-B6FFCF01BCDC}
	EndGlobalSection
EndGlobal
